
Microsoft Visual Studio Solution File, Format Version 12.00
# Visual Studio Version 17
VisualStudioVersion = 17.7.34031.279
MinimumVisualStudioVersion = 10.0.40219.1
Project("{FAE04EC0-301F-11D3-BF4B-00C04F79EFBC}") = "ModLR1", "ModLR1\ModLR1.csproj", "{5E13F3D9-E119-42C1-AEF7-ED7B9929F16D}"
EndProject
Project("{FAE04EC0-301F-11D3-BF4B-00C04F79EFBC}") = "ModLr1Test", "ModLr1Test\ModLr1Test.csproj", "{2B3BA478-F2B8-45F5-8AA0-85D3D809D7AD}"
	ProjectSection(ProjectDependencies) = postProject
		{5E13F3D9-E119-42C1-AEF7-ED7B9929F16D} = {5E13F3D9-E119-42C1-AEF7-ED7B9929F16D}
	EndProjectSection
EndProject
Global
	GlobalSection(SolutionConfigurationPlatforms) = preSolution
		Debug|Any CPU = Debug|Any CPU
		Release|Any CPU = Release|Any CPU
	EndGlobalSection
	GlobalSection(ProjectConfigurationPlatforms) = postSolution
		{5E13F3D9-E119-42C1-AEF7-ED7B9929F16D}.Debug|Any CPU.ActiveCfg = Debug|Any CPU
		{5E13F3D9-E119-42C1-AEF7-ED7B9929F16D}.Debug|Any CPU.Build.0 = Debug|Any CPU
		{5E13F3D9-E119-42C1-AEF7-ED7B9929F16D}.Release|Any CPU.ActiveCfg = Release|Any CPU
		{5E13F3D9-E119-42C1-AEF7-ED7B9929F16D}.Release|Any CPU.Build.0 = Release|Any CPU
		{2B3BA478-F2B8-45F5-8AA0-85D3D809D7AD}.Debug|Any CPU.ActiveCfg = Debug|Any CPU
		{2B3BA478-F2B8-45F5-8AA0-85D3D809D7AD}.Debug|Any CPU.Build.0 = Debug|Any CPU
		{2B3BA478-F2B8-45F5-8AA0-85D3D809D7AD}.Release|Any CPU.ActiveCfg = Release|Any CPU
		{2B3BA478-F2B8-45F5-8AA0-85D3D809D7AD}.Release|Any CPU.Build.0 = Release|Any CPU
	EndGlobalSection
	GlobalSection(SolutionProperties) = preSolution
		HideSolutionNode = FALSE
	EndGlobalSection
	GlobalSection(ExtensibilityGlobals) = postSolution
		SolutionGuid = {EE694CD3-096F-439F-BDDE-571682B86350}
	EndGlobalSection
EndGlobal
