
Microsoft Visual Studio Solution File, Format Version 12.00
# Visual Studio Version 17
VisualStudioVersion = 17.7.34031.279
MinimumVisualStudioVersion = 10.0.40219.1
Project("{FAE04EC0-301F-11D3-BF4B-00C04F79EFBC}") = "ModLR1", "ModLR1\ModLR1.csproj", "{5E13F3D9-E119-42C1-AEF7-ED7B9929F16D}"
EndProject
Project("{FAE04EC0-301F-11D3-BF4B-00C04F79EFBC}") = "ModLr1Tests", "ModLr1Tests\ModLr1Tests.csproj", "{9294F0D9-123F-4B7E-BBDF-EE2339D54064}"
EndProject
Project("{FAE04EC0-301F-11D3-BF4B-00C04F79EFBC}") = "TestConsole", "TestConsole\TestConsole.csproj", "{4A9C7AAE-FE93-49B9-B38D-C0E7332F2A7C}"
EndProject
Global
	GlobalSection(SolutionConfigurationPlatforms) = preSolution
		Debug|Any CPU = Debug|Any CPU
		Release|Any CPU = Release|Any CPU
	EndGlobalSection
	GlobalSection(ProjectConfigurationPlatforms) = postSolution
		{5E13F3D9-E119-42C1-AEF7-ED7B9929F16D}.Debug|Any CPU.ActiveCfg = Debug|Any CPU
		{5E13F3D9-E119-42C1-AEF7-ED7B9929F16D}.Debug|Any CPU.Build.0 = Debug|Any CPU
		{5E13F3D9-E119-42C1-AEF7-ED7B9929F16D}.Release|Any CPU.ActiveCfg = Release|Any CPU
		{5E13F3D9-E119-42C1-AEF7-ED7B9929F16D}.Release|Any CPU.Build.0 = Release|Any CPU
		{9294F0D9-123F-4B7E-BBDF-EE2339D54064}.Debug|Any CPU.ActiveCfg = Debug|Any CPU
		{9294F0D9-123F-4B7E-BBDF-EE2339D54064}.Debug|Any CPU.Build.0 = Debug|Any CPU
		{9294F0D9-123F-4B7E-BBDF-EE2339D54064}.Release|Any CPU.ActiveCfg = Release|Any CPU
		{9294F0D9-123F-4B7E-BBDF-EE2339D54064}.Release|Any CPU.Build.0 = Release|Any CPU
		{4A9C7AAE-FE93-49B9-B38D-C0E7332F2A7C}.Debug|Any CPU.ActiveCfg = Debug|Any CPU
		{4A9C7AAE-FE93-49B9-B38D-C0E7332F2A7C}.Debug|Any CPU.Build.0 = Debug|Any CPU
		{4A9C7AAE-FE93-49B9-B38D-C0E7332F2A7C}.Release|Any CPU.ActiveCfg = Release|Any CPU
		{4A9C7AAE-FE93-49B9-B38D-C0E7332F2A7C}.Release|Any CPU.Build.0 = Release|Any CPU
	EndGlobalSection
	GlobalSection(SolutionProperties) = preSolution
		HideSolutionNode = FALSE
	EndGlobalSection
	GlobalSection(ExtensibilityGlobals) = postSolution
		SolutionGuid = {EE694CD3-096F-439F-BDDE-571682B86350}
	EndGlobalSection
EndGlobal
